# Generated by buf. DO NOT EDIT.
version: v1
deps:
  - remote: buf.build
    owner: agynio
    repository: api
    commit: 98c081dc9fcc47a49f1af878dd4ab4cd
    digest: shake256:495d1fc51aaba8d6b152b71ba0817b89ca47319b359cd4727f2902d1f27de9df35e2944ad864d22d9dfefdd2fd3a24c8dce9e05d902ffa3f138961dca689b4aa
  - remote: buf.build
    owner: opentelemetry
    repository: opentelemetry
    commit: 5f2c7d4f740541589805e0816dad4bb0
    digest: shake256:1a1c76b9fb39277f441fa81273e5132e2856558fd52b04e3ea69051f6ecdb5293e35c8915ec7e20507bba9d4bb6b0ba9a1408062fa63dd7f09db015ad06736ab
